{
  "name": "vendimo",
  "requires": true,
  "lockfileVersion": 1,
  "dependencies": {
    "@ionic-native/in-app-browser": {
      "version": "4.4.2",
      "resolved": "https://registry.npmjs.org/@ionic-native/in-app-browser/-/in-app-browser-4.4.2.tgz",
      "integrity": "sha512-F5snOEdGBNYOXhIj7RWVZhOTZa4G7vLX5Pr46/iVHKXIYXZKn2h96JhkeQGPD1+ciG4JNqPGO7jG48qDmrR/dg=="
    }
  }
}
